// !$*UTF8*$!
{
	archiveVersion = 1;
	classes = {
	};
	objectVersion = 55;
	objects = {

/* Begin PBXBuildFile section */
		AD6CCA6828BF2C2700C6C5A8 /* AppDelegate.swift in Sources */ = {isa = PBXBuildFile; fileRef = AD6CCA6728BF2C2700C6C5A8 /* AppDelegate.swift */; };
		AD6CCA6A28BF2C2700C6C5A8 /* SceneDelegate.swift in Sources */ = {isa = PBXBuildFile; fileRef = AD6CCA6928BF2C2700C6C5A8 /* SceneDelegate.swift */; };
		AD6CCA6F28BF2C2700C6C5A8 /* Main.storyboard in Resources */ = {isa = PBXBuildFile; fileRef = AD6CCA6D28BF2C2700C6C5A8 /* Main.storyboard */; };
		AD6CCA7128BF2C2A00C6C5A8 /* Assets.xcassets in Resources */ = {isa = PBXBuildFile; fileRef = AD6CCA7028BF2C2A00C6C5A8 /* Assets.xcassets */; };
		AD6CCA7428BF2C2A00C6C5A8 /* LaunchScreen.storyboard in Resources */ = {isa = PBXBuildFile; fileRef = AD6CCA7228BF2C2A00C6C5A8 /* LaunchScreen.storyboard */; };
		AD6CCA7D28BF2C8D00C6C5A8 /* Hero in Frameworks */ = {isa = PBXBuildFile; productRef = AD6CCA7C28BF2C8D00C6C5A8 /* Hero */; };
		AD6CCA8128BF30FF00C6C5A8 /* BaseViewController.swift in Sources */ = {isa = PBXBuildFile; fileRef = AD6CCA8028BF30FF00C6C5A8 /* BaseViewController.swift */; };
		AD6CCA8328BF315E00C6C5A8 /* BaseView.swift in Sources */ = {isa = PBXBuildFile; fileRef = AD6CCA8228BF315E00C6C5A8 /* BaseView.swift */; };
		AD6CCA8928BF3F7000C6C5A8 /* MemoListViewController.swift in Sources */ = {isa = PBXBuildFile; fileRef = AD6CCA8828BF3F7000C6C5A8 /* MemoListViewController.swift */; };
		AD6CCA8B28BF3F9800C6C5A8 /* MemoListView.swift in Sources */ = {isa = PBXBuildFile; fileRef = AD6CCA8A28BF3F9800C6C5A8 /* MemoListView.swift */; };
		AD6CCA8E28BF400600C6C5A8 /* WalkThroughView.swift in Sources */ = {isa = PBXBuildFile; fileRef = AD6CCA8D28BF400600C6C5A8 /* WalkThroughView.swift */; };
		AD6CCA9128BF40D400C6C5A8 /* SearchViewController.swift in Sources */ = {isa = PBXBuildFile; fileRef = AD6CCA9028BF40D400C6C5A8 /* SearchViewController.swift */; };
		AD6CCA9428BF411200C6C5A8 /* EditingViewController.swift in Sources */ = {isa = PBXBuildFile; fileRef = AD6CCA9328BF411200C6C5A8 /* EditingViewController.swift */; };
		AD6CCA9628BF413200C6C5A8 /* EditingView.swift in Sources */ = {isa = PBXBuildFile; fileRef = AD6CCA9528BF413200C6C5A8 /* EditingView.swift */; };
		AD6CCA9928BF428B00C6C5A8 /* Reusable+Protocol.swift in Sources */ = {isa = PBXBuildFile; fileRef = AD6CCA9828BF428B00C6C5A8 /* Reusable+Protocol.swift */; };
		AD6CCA9C28BF42E700C6C5A8 /* Transitions+Extension.swift in Sources */ = {isa = PBXBuildFile; fileRef = AD6CCA9B28BF42E700C6C5A8 /* Transitions+Extension.swift */; };
		AD6CCA9E28BF433F00C6C5A8 /* UIAlertViewController+Extension.swift in Sources */ = {isa = PBXBuildFile; fileRef = AD6CCA9D28BF433F00C6C5A8 /* UIAlertViewController+Extension.swift */; };
		AD78E23328BF4DF30028AF65 /* UINavigationBar+Extension.swift in Sources */ = {isa = PBXBuildFile; fileRef = AD78E23228BF4DF30028AF65 /* UINavigationBar+Extension.swift */; };
		ADF044D228BF5377006D69E8 /* SnapKit in Frameworks */ = {isa = PBXBuildFile; productRef = ADF044D128BF5377006D69E8 /* SnapKit */; };
		ADF044D528BF53AB006D69E8 /* Realm in Frameworks */ = {isa = PBXBuildFile; productRef = ADF044D428BF53AB006D69E8 /* Realm */; };
		ADF044D728BF53AB006D69E8 /* RealmSwift in Frameworks */ = {isa = PBXBuildFile; productRef = ADF044D628BF53AB006D69E8 /* RealmSwift */; };
		ADF044DA28BF53C0006D69E8 /* Zip in Frameworks */ = {isa = PBXBuildFile; productRef = ADF044D928BF53C0006D69E8 /* Zip */; };
		ADF044DD28BF53F4006D69E8 /* Toast in Frameworks */ = {isa = PBXBuildFile; productRef = ADF044DC28BF53F4006D69E8 /* Toast */; };
		ADF044DF28BF544C006D69E8 /* MemoListTableViewCell.swift in Sources */ = {isa = PBXBuildFile; fileRef = ADF044DE28BF544C006D69E8 /* MemoListTableViewCell.swift */; };
		ADF044E128BF5471006D69E8 /* BaseTableViewCell.swift in Sources */ = {isa = PBXBuildFile; fileRef = ADF044E028BF5471006D69E8 /* BaseTableViewCell.swift */; };
		ADF044E328BF83A6006D69E8 /* WalkThroughViewController.swift in Sources */ = {isa = PBXBuildFile; fileRef = ADF044E228BF83A6006D69E8 /* WalkThroughViewController.swift */; };
/* End PBXBuildFile section */

/* Begin PBXFileReference section */
		AD6CCA6428BF2C2700C6C5A8 /* ProjectMemo.app */ = {isa = PBXFileReference; explicitFileType = wrapper.application; includeInIndex = 0; path = ProjectMemo.app; sourceTree = BUILT_PRODUCTS_DIR; };
		AD6CCA6728BF2C2700C6C5A8 /* AppDelegate.swift */ = {isa = PBXFileReference; lastKnownFileType = sourcecode.swift; path = AppDelegate.swift; sourceTree = "<group>"; };
		AD6CCA6928BF2C2700C6C5A8 /* SceneDelegate.swift */ = {isa = PBXFileReference; lastKnownFileType = sourcecode.swift; path = SceneDelegate.swift; sourceTree = "<group>"; };
		AD6CCA6E28BF2C2700C6C5A8 /* Base */ = {isa = PBXFileReference; lastKnownFileType = file.storyboard; name = Base; path = Base.lproj/Main.storyboard; sourceTree = "<group>"; };
		AD6CCA7028BF2C2A00C6C5A8 /* Assets.xcassets */ = {isa = PBXFileReference; lastKnownFileType = folder.assetcatalog; path = Assets.xcassets; sourceTree = "<group>"; };
		AD6CCA7328BF2C2A00C6C5A8 /* Base */ = {isa = PBXFileReference; lastKnownFileType = file.storyboard; name = Base; path = Base.lproj/LaunchScreen.storyboard; sourceTree = "<group>"; };
		AD6CCA7528BF2C2A00C6C5A8 /* Info.plist */ = {isa = PBXFileReference; lastKnownFileType = text.plist.xml; path = Info.plist; sourceTree = "<group>"; };
		AD6CCA8028BF30FF00C6C5A8 /* BaseViewController.swift */ = {isa = PBXFileReference; lastKnownFileType = sourcecode.swift; path = BaseViewController.swift; sourceTree = "<group>"; };
		AD6CCA8228BF315E00C6C5A8 /* BaseView.swift */ = {isa = PBXFileReference; lastKnownFileType = sourcecode.swift; path = BaseView.swift; sourceTree = "<group>"; };
		AD6CCA8828BF3F7000C6C5A8 /* MemoListViewController.swift */ = {isa = PBXFileReference; lastKnownFileType = sourcecode.swift; path = MemoListViewController.swift; sourceTree = "<group>"; };
		AD6CCA8A28BF3F9800C6C5A8 /* MemoListView.swift */ = {isa = PBXFileReference; lastKnownFileType = sourcecode.swift; path = MemoListView.swift; sourceTree = "<group>"; };
		AD6CCA8D28BF400600C6C5A8 /* WalkThroughView.swift */ = {isa = PBXFileReference; lastKnownFileType = sourcecode.swift; path = WalkThroughView.swift; sourceTree = "<group>"; };
		AD6CCA9028BF40D400C6C5A8 /* SearchViewController.swift */ = {isa = PBXFileReference; lastKnownFileType = sourcecode.swift; path = SearchViewController.swift; sourceTree = "<group>"; };
		AD6CCA9328BF411200C6C5A8 /* EditingViewController.swift */ = {isa = PBXFileReference; lastKnownFileType = sourcecode.swift; path = EditingViewController.swift; sourceTree = "<group>"; };
		AD6CCA9528BF413200C6C5A8 /* EditingView.swift */ = {isa = PBXFileReference; lastKnownFileType = sourcecode.swift; path = EditingView.swift; sourceTree = "<group>"; };
		AD6CCA9828BF428B00C6C5A8 /* Reusable+Protocol.swift */ = {isa = PBXFileReference; lastKnownFileType = sourcecode.swift; path = "Reusable+Protocol.swift"; sourceTree = "<group>"; };
		AD6CCA9B28BF42E700C6C5A8 /* Transitions+Extension.swift */ = {isa = PBXFileReference; lastKnownFileType = sourcecode.swift; path = "Transitions+Extension.swift"; sourceTree = "<group>"; };
		AD6CCA9D28BF433F00C6C5A8 /* UIAlertViewController+Extension.swift */ = {isa = PBXFileReference; lastKnownFileType = sourcecode.swift; path = "UIAlertViewController+Extension.swift"; sourceTree = "<group>"; };
		AD78E23228BF4DF30028AF65 /* UINavigationBar+Extension.swift */ = {isa = PBXFileReference; lastKnownFileType = sourcecode.swift; path = "UINavigationBar+Extension.swift"; sourceTree = "<group>"; };
		ADF044DE28BF544C006D69E8 /* MemoListTableViewCell.swift */ = {isa = PBXFileReference; lastKnownFileType = sourcecode.swift; path = MemoListTableViewCell.swift; sourceTree = "<group>"; };
		ADF044E028BF5471006D69E8 /* BaseTableViewCell.swift */ = {isa = PBXFileReference; lastKnownFileType = sourcecode.swift; path = BaseTableViewCell.swift; sourceTree = "<group>"; };
		ADF044E228BF83A6006D69E8 /* WalkThroughViewController.swift */ = {isa = PBXFileReference; lastKnownFileType = sourcecode.swift; path = WalkThroughViewController.swift; sourceTree = "<group>"; };
/* End PBXFileReference section */

/* Begin PBXFrameworksBuildPhase section */
		AD6CCA6128BF2C2700C6C5A8 /* Frameworks */ = {
			isa = PBXFrameworksBuildPhase;
			buildActionMask = 2147483647;
			files = (
				ADF044DD28BF53F4006D69E8 /* Toast in Frameworks */,
				ADF044D728BF53AB006D69E8 /* RealmSwift in Frameworks */,
				ADF044D528BF53AB006D69E8 /* Realm in Frameworks */,
				AD6CCA7D28BF2C8D00C6C5A8 /* Hero in Frameworks */,
				ADF044D228BF5377006D69E8 /* SnapKit in Frameworks */,
				ADF044DA28BF53C0006D69E8 /* Zip in Frameworks */,
			);
			runOnlyForDeploymentPostprocessing = 0;
		};
/* End PBXFrameworksBuildPhase section */

/* Begin PBXGroup section */
		AD6CCA5B28BF2C2700C6C5A8 = {
			isa = PBXGroup;
			children = (
				AD6CCA6628BF2C2700C6C5A8 /* ProjectMemo */,
				AD6CCA6528BF2C2700C6C5A8 /* Products */,
			);
			sourceTree = "<group>";
		};
		AD6CCA6528BF2C2700C6C5A8 /* Products */ = {
			isa = PBXGroup;
			children = (
				AD6CCA6428BF2C2700C6C5A8 /* ProjectMemo.app */,
			);
			name = Products;
			sourceTree = "<group>";
		};
		AD6CCA6628BF2C2700C6C5A8 /* ProjectMemo */ = {
			isa = PBXGroup;
			children = (
				AD6CCA6728BF2C2700C6C5A8 /* AppDelegate.swift */,
				AD6CCA6928BF2C2700C6C5A8 /* SceneDelegate.swift */,
				AD6CCA9A28BF42CD00C6C5A8 /* Extensions */,
				AD6CCA9728BF426E00C6C5A8 /* Protocols */,
				AD6CCA7F28BF30C200C6C5A8 /* BaseComponents */,
				AD6CCA8C28BF3FEE00C6C5A8 /* WalkThroughView */,
				AD6CCA8728BF3F5300C6C5A8 /* MemoList */,
				AD6CCA8F28BF408B00C6C5A8 /* SearchMemo */,
				AD6CCA9228BF40F200C6C5A8 /* EditingView */,
				AD6CCA6D28BF2C2700C6C5A8 /* Main.storyboard */,
				AD6CCA7028BF2C2A00C6C5A8 /* Assets.xcassets */,
				AD6CCA7228BF2C2A00C6C5A8 /* LaunchScreen.storyboard */,
				AD6CCA7528BF2C2A00C6C5A8 /* Info.plist */,
			);
			path = ProjectMemo;
			sourceTree = "<group>";
		};
		AD6CCA7E28BF30AB00C6C5A8 /* Customs */ = {
			isa = PBXGroup;
			children = (
				ADF044E028BF5471006D69E8 /* BaseTableViewCell.swift */,
			);
			path = Customs;
			sourceTree = "<group>";
		};
		AD6CCA7F28BF30C200C6C5A8 /* BaseComponents */ = {
			isa = PBXGroup;
			children = (
				AD6CCA7E28BF30AB00C6C5A8 /* Customs */,
				AD6CCA8028BF30FF00C6C5A8 /* BaseViewController.swift */,
				AD6CCA8228BF315E00C6C5A8 /* BaseView.swift */,
			);
			path = BaseComponents;
			sourceTree = "<group>";
		};
		AD6CCA8728BF3F5300C6C5A8 /* MemoList */ = {
			isa = PBXGroup;
			children = (
				AD6CCA8828BF3F7000C6C5A8 /* MemoListViewController.swift */,
				AD6CCA8A28BF3F9800C6C5A8 /* MemoListView.swift */,
				ADF044DE28BF544C006D69E8 /* MemoListTableViewCell.swift */,
			);
			path = MemoList;
			sourceTree = "<group>";
		};
		AD6CCA8C28BF3FEE00C6C5A8 /* WalkThroughView */ = {
			isa = PBXGroup;
			children = (
				ADF044E228BF83A6006D69E8 /* WalkThroughViewController.swift */,
				AD6CCA8D28BF400600C6C5A8 /* WalkThroughView.swift */,
			);
			path = WalkThroughView;
			sourceTree = "<group>";
		};
		AD6CCA8F28BF408B00C6C5A8 /* SearchMemo */ = {
			isa = PBXGroup;
			children = (
				AD6CCA9028BF40D400C6C5A8 /* SearchViewController.swift */,
			);
			path = SearchMemo;
			sourceTree = "<group>";
		};
		AD6CCA9228BF40F200C6C5A8 /* EditingView */ = {
			isa = PBXGroup;
			children = (
				AD6CCA9328BF411200C6C5A8 /* EditingViewController.swift */,
				AD6CCA9528BF413200C6C5A8 /* EditingView.swift */,
			);
			path = EditingView;
			sourceTree = "<group>";
		};
		AD6CCA9728BF426E00C6C5A8 /* Protocols */ = {
			isa = PBXGroup;
			children = (
				AD6CCA9828BF428B00C6C5A8 /* Reusable+Protocol.swift */,
			);
			path = Protocols;
			sourceTree = "<group>";
		};
		AD6CCA9A28BF42CD00C6C5A8 /* Extensions */ = {
			isa = PBXGroup;
			children = (
				AD6CCA9B28BF42E700C6C5A8 /* Transitions+Extension.swift */,
				AD6CCA9D28BF433F00C6C5A8 /* UIAlertViewController+Extension.swift */,
				AD78E23228BF4DF30028AF65 /* UINavigationBar+Extension.swift */,
			);
			path = Extensions;
			sourceTree = "<group>";
		};
/* End PBXGroup section */

/* Begin PBXNativeTarget section */
		AD6CCA6328BF2C2700C6C5A8 /* ProjectMemo */ = {
			isa = PBXNativeTarget;
			buildConfigurationList = AD6CCA7828BF2C2A00C6C5A8 /* Build configuration list for PBXNativeTarget "ProjectMemo" */;
			buildPhases = (
				AD6CCA6028BF2C2700C6C5A8 /* Sources */,
				AD6CCA6128BF2C2700C6C5A8 /* Frameworks */,
				AD6CCA6228BF2C2700C6C5A8 /* Resources */,
			);
			buildRules = (
			);
			dependencies = (
			);
			name = ProjectMemo;
			packageProductDependencies = (
				AD6CCA7C28BF2C8D00C6C5A8 /* Hero */,
				ADF044D128BF5377006D69E8 /* SnapKit */,
				ADF044D428BF53AB006D69E8 /* Realm */,
				ADF044D628BF53AB006D69E8 /* RealmSwift */,
				ADF044D928BF53C0006D69E8 /* Zip */,
				ADF044DC28BF53F4006D69E8 /* Toast */,
			);
			productName = ProjectMemo;
			productReference = AD6CCA6428BF2C2700C6C5A8 /* ProjectMemo.app */;
			productType = "com.apple.product-type.application";
		};
/* End PBXNativeTarget section */

/* Begin PBXProject section */
		AD6CCA5C28BF2C2700C6C5A8 /* Project object */ = {
			isa = PBXProject;
			attributes = {
				BuildIndependentTargetsInParallel = 1;
				LastSwiftUpdateCheck = 1340;
				LastUpgradeCheck = 1340;
				TargetAttributes = {
					AD6CCA6328BF2C2700C6C5A8 = {
						CreatedOnToolsVersion = 13.4.1;
					};
				};
			};
			buildConfigurationList = AD6CCA5F28BF2C2700C6C5A8 /* Build configuration list for PBXProject "ProjectMemo" */;
			compatibilityVersion = "Xcode 13.0";
			developmentRegion = en;
			hasScannedForEncodings = 0;
			knownRegions = (
				en,
				Base,
			);
			mainGroup = AD6CCA5B28BF2C2700C6C5A8;
			packageReferences = (
				AD6CCA7B28BF2C8D00C6C5A8 /* XCRemoteSwiftPackageReference "Hero" */,
				ADF044D028BF5377006D69E8 /* XCRemoteSwiftPackageReference "SnapKit" */,
				ADF044D328BF53AB006D69E8 /* XCRemoteSwiftPackageReference "realm-swift" */,
				ADF044D828BF53C0006D69E8 /* XCRemoteSwiftPackageReference "Zip" */,
				ADF044DB28BF53F4006D69E8 /* XCRemoteSwiftPackageReference "Toast-Swift" */,
			);
			productRefGroup = AD6CCA6528BF2C2700C6C5A8 /* Products */;
			projectDirPath = "";
			projectRoot = "";
			targets = (
				AD6CCA6328BF2C2700C6C5A8 /* ProjectMemo */,
			);
		};
/* End PBXProject section */

/* Begin PBXResourcesBuildPhase section */
		AD6CCA6228BF2C2700C6C5A8 /* Resources */ = {
			isa = PBXResourcesBuildPhase;
			buildActionMask = 2147483647;
			files = (
				AD6CCA7428BF2C2A00C6C5A8 /* LaunchScreen.storyboard in Resources */,
				AD6CCA7128BF2C2A00C6C5A8 /* Assets.xcassets in Resources */,
				AD6CCA6F28BF2C2700C6C5A8 /* Main.storyboard in Resources */,
			);
			runOnlyForDeploymentPostprocessing = 0;
		};
/* End PBXResourcesBuildPhase section */

/* Begin PBXSourcesBuildPhase section */
		AD6CCA6028BF2C2700C6C5A8 /* Sources */ = {
			isa = PBXSourcesBuildPhase;
			buildActionMask = 2147483647;
			files = (
				ADF044E128BF5471006D69E8 /* BaseTableViewCell.swift in Sources */,
				AD6CCA8128BF30FF00C6C5A8 /* BaseViewController.swift in Sources */,
				AD6CCA9428BF411200C6C5A8 /* EditingViewController.swift in Sources */,
				AD6CCA8928BF3F7000C6C5A8 /* MemoListViewController.swift in Sources */,
				AD6CCA9E28BF433F00C6C5A8 /* UIAlertViewController+Extension.swift in Sources */,
				AD6CCA9128BF40D400C6C5A8 /* SearchViewController.swift in Sources */,
				AD78E23328BF4DF30028AF65 /* UINavigationBar+Extension.swift in Sources */,
				AD6CCA8E28BF400600C6C5A8 /* WalkThroughView.swift in Sources */,
				AD6CCA9628BF413200C6C5A8 /* EditingView.swift in Sources */,
				AD6CCA8B28BF3F9800C6C5A8 /* MemoListView.swift in Sources */,
				ADF044E328BF83A6006D69E8 /* WalkThroughViewController.swift in Sources */,
				AD6CCA8328BF315E00C6C5A8 /* BaseView.swift in Sources */,
				ADF044DF28BF544C006D69E8 /* MemoListTableViewCell.swift in Sources */,
				AD6CCA9C28BF42E700C6C5A8 /* Transitions+Extension.swift in Sources */,
				AD6CCA9928BF428B00C6C5A8 /* Reusable+Protocol.swift in Sources */,
				AD6CCA6828BF2C2700C6C5A8 /* AppDelegate.swift in Sources */,
				AD6CCA6A28BF2C2700C6C5A8 /* SceneDelegate.swift in Sources */,
			);
			runOnlyForDeploymentPostprocessing = 0;
		};
/* End PBXSourcesBuildPhase section */

/* Begin PBXVariantGroup section */
		AD6CCA6D28BF2C2700C6C5A8 /* Main.storyboard */ = {
			isa = PBXVariantGroup;
			children = (
				AD6CCA6E28BF2C2700C6C5A8 /* Base */,
			);
			name = Main.storyboard;
			sourceTree = "<group>";
		};
		AD6CCA7228BF2C2A00C6C5A8 /* LaunchScreen.storyboard */ = {
			isa = PBXVariantGroup;
			children = (
				AD6CCA7328BF2C2A00C6C5A8 /* Base */,
			);
			name = LaunchScreen.storyboard;
			sourceTree = "<group>";
		};
/* End PBXVariantGroup section */

/* Begin XCBuildConfiguration section */
		AD6CCA7628BF2C2A00C6C5A8 /* Debug */ = {
			isa = XCBuildConfiguration;
			buildSettings = {
				ALWAYS_SEARCH_USER_PATHS = NO;
				CLANG_ANALYZER_NONNULL = YES;
				CLANG_ANALYZER_NUMBER_OBJECT_CONVERSION = YES_AGGRESSIVE;
				CLANG_CXX_LANGUAGE_STANDARD = "gnu++17";
				CLANG_ENABLE_MODULES = YES;
				CLANG_ENABLE_OBJC_ARC = YES;
				CLANG_ENABLE_OBJC_WEAK = YES;
				CLANG_WARN_BLOCK_CAPTURE_AUTORELEASING = YES;
				CLANG_WARN_BOOL_CONVERSION = YES;
				CLANG_WARN_COMMA = YES;
				CLANG_WARN_CONSTANT_CONVERSION = YES;
				CLANG_WARN_DEPRECATED_OBJC_IMPLEMENTATIONS = YES;
				CLANG_WARN_DIRECT_OBJC_ISA_USAGE = YES_ERROR;
				CLANG_WARN_DOCUMENTATION_COMMENTS = YES;
				CLANG_WARN_EMPTY_BODY = YES;
				CLANG_WARN_ENUM_CONVERSION = YES;
				CLANG_WARN_INFINITE_RECURSION = YES;
				CLANG_WARN_INT_CONVERSION = YES;
				CLANG_WARN_NON_LITERAL_NULL_CONVERSION = YES;
				CLANG_WARN_OBJC_IMPLICIT_RETAIN_SELF = YES;
				CLANG_WARN_OBJC_LITERAL_CONVERSION = YES;
				CLANG_WARN_OBJC_ROOT_CLASS = YES_ERROR;
				CLANG_WARN_QUOTED_INCLUDE_IN_FRAMEWORK_HEADER = YES;
				CLANG_WARN_RANGE_LOOP_ANALYSIS = YES;
				CLANG_WARN_STRICT_PROTOTYPES = YES;
				CLANG_WARN_SUSPICIOUS_MOVE = YES;
				CLANG_WARN_UNGUARDED_AVAILABILITY = YES_AGGRESSIVE;
				CLANG_WARN_UNREACHABLE_CODE = YES;
				CLANG_WARN__DUPLICATE_METHOD_MATCH = YES;
				COPY_PHASE_STRIP = NO;
				DEBUG_INFORMATION_FORMAT = dwarf;
				ENABLE_STRICT_OBJC_MSGSEND = YES;
				ENABLE_TESTABILITY = YES;
				GCC_C_LANGUAGE_STANDARD = gnu11;
				GCC_DYNAMIC_NO_PIC = NO;
				GCC_NO_COMMON_BLOCKS = YES;
				GCC_OPTIMIZATION_LEVEL = 0;
				GCC_PREPROCESSOR_DEFINITIONS = (
					"DEBUG=1",
					"$(inherited)",
				);
				GCC_WARN_64_TO_32_BIT_CONVERSION = YES;
				GCC_WARN_ABOUT_RETURN_TYPE = YES_ERROR;
				GCC_WARN_UNDECLARED_SELECTOR = YES;
				GCC_WARN_UNINITIALIZED_AUTOS = YES_AGGRESSIVE;
				GCC_WARN_UNUSED_FUNCTION = YES;
				GCC_WARN_UNUSED_VARIABLE = YES;
				IPHONEOS_DEPLOYMENT_TARGET = 13.0;
				MTL_ENABLE_DEBUG_INFO = INCLUDE_SOURCE;
				MTL_FAST_MATH = YES;
				ONLY_ACTIVE_ARCH = YES;
				SDKROOT = iphoneos;
				SWIFT_ACTIVE_COMPILATION_CONDITIONS = DEBUG;
				SWIFT_OPTIMIZATION_LEVEL = "-Onone";
			};
			name = Debug;
		};
		AD6CCA7728BF2C2A00C6C5A8 /* Release */ = {
			isa = XCBuildConfiguration;
			buildSettings = {
				ALWAYS_SEARCH_USER_PATHS = NO;
				CLANG_ANALYZER_NONNULL = YES;
				CLANG_ANALYZER_NUMBER_OBJECT_CONVERSION = YES_AGGRESSIVE;
				CLANG_CXX_LANGUAGE_STANDARD = "gnu++17";
				CLANG_ENABLE_MODULES = YES;
				CLANG_ENABLE_OBJC_ARC = YES;
				CLANG_ENABLE_OBJC_WEAK = YES;
				CLANG_WARN_BLOCK_CAPTURE_AUTORELEASING = YES;
				CLANG_WARN_BOOL_CONVERSION = YES;
				CLANG_WARN_COMMA = YES;
				CLANG_WARN_CONSTANT_CONVERSION = YES;
				CLANG_WARN_DEPRECATED_OBJC_IMPLEMENTATIONS = YES;
				CLANG_WARN_DIRECT_OBJC_ISA_USAGE = YES_ERROR;
				CLANG_WARN_DOCUMENTATION_COMMENTS = YES;
				CLANG_WARN_EMPTY_BODY = YES;
				CLANG_WARN_ENUM_CONVERSION = YES;
				CLANG_WARN_INFINITE_RECURSION = YES;
				CLANG_WARN_INT_CONVERSION = YES;
				CLANG_WARN_NON_LITERAL_NULL_CONVERSION = YES;
				CLANG_WARN_OBJC_IMPLICIT_RETAIN_SELF = YES;
				CLANG_WARN_OBJC_LITERAL_CONVERSION = YES;
				CLANG_WARN_OBJC_ROOT_CLASS = YES_ERROR;
				CLANG_WARN_QUOTED_INCLUDE_IN_FRAMEWORK_HEADER = YES;
				CLANG_WARN_RANGE_LOOP_ANALYSIS = YES;
				CLANG_WARN_STRICT_PROTOTYPES = YES;
				CLANG_WARN_SUSPICIOUS_MOVE = YES;
				CLANG_WARN_UNGUARDED_AVAILABILITY = YES_AGGRESSIVE;
				CLANG_WARN_UNREACHABLE_CODE = YES;
				CLANG_WARN__DUPLICATE_METHOD_MATCH = YES;
				COPY_PHASE_STRIP = NO;
				DEBUG_INFORMATION_FORMAT = "dwarf-with-dsym";
				ENABLE_NS_ASSERTIONS = NO;
				ENABLE_STRICT_OBJC_MSGSEND = YES;
				GCC_C_LANGUAGE_STANDARD = gnu11;
				GCC_NO_COMMON_BLOCKS = YES;
				GCC_WARN_64_TO_32_BIT_CONVERSION = YES;
				GCC_WARN_ABOUT_RETURN_TYPE = YES_ERROR;
				GCC_WARN_UNDECLARED_SELECTOR = YES;
				GCC_WARN_UNINITIALIZED_AUTOS = YES_AGGRESSIVE;
				GCC_WARN_UNUSED_FUNCTION = YES;
				GCC_WARN_UNUSED_VARIABLE = YES;
				IPHONEOS_DEPLOYMENT_TARGET = 13.0;
				MTL_ENABLE_DEBUG_INFO = NO;
				MTL_FAST_MATH = YES;
				SDKROOT = iphoneos;
				SWIFT_COMPILATION_MODE = wholemodule;
				SWIFT_OPTIMIZATION_LEVEL = "-O";
				VALIDATE_PRODUCT = YES;
			};
			name = Release;
		};
		AD6CCA7928BF2C2A00C6C5A8 /* Debug */ = {
			isa = XCBuildConfiguration;
			buildSettings = {
				ASSETCATALOG_COMPILER_APPICON_NAME = AppIcon;
				ASSETCATALOG_COMPILER_GLOBAL_ACCENT_COLOR_NAME = AccentColor;
				CODE_SIGN_STYLE = Automatic;
				CURRENT_PROJECT_VERSION = 1;
				DEVELOPMENT_TEAM = DLA597KS3F;
				GENERATE_INFOPLIST_FILE = YES;
				INFOPLIST_FILE = ProjectMemo/Info.plist;
				INFOPLIST_KEY_UIApplicationSupportsIndirectInputEvents = YES;
				INFOPLIST_KEY_UILaunchStoryboardName = LaunchScreen;
				INFOPLIST_KEY_UIMainStoryboardFile = Main;
				INFOPLIST_KEY_UISupportedInterfaceOrientations = UIInterfaceOrientationPortrait;
				INFOPLIST_KEY_UISupportedInterfaceOrientations_iPad = "UIInterfaceOrientationPortrait UIInterfaceOrientationPortraitUpsideDown UIInterfaceOrientationLandscapeLeft UIInterfaceOrientationLandscapeRight";
				INFOPLIST_KEY_UISupportedInterfaceOrientations_iPhone = UIInterfaceOrientationPortrait;
				IPHONEOS_DEPLOYMENT_TARGET = 13.0;
				LD_RUNPATH_SEARCH_PATHS = (
					"$(inherited)",
					"@executable_path/Frameworks",
				);
				MARKETING_VERSION = 1.0;
				PRODUCT_BUNDLE_IDENTIFIER = com.jhee.ProjectMemo;
				PRODUCT_NAME = "$(TARGET_NAME)";
				SWIFT_EMIT_LOC_STRINGS = YES;
				SWIFT_VERSION = 5.0;
				TARGETED_DEVICE_FAMILY = 1;
			};
			name = Debug;
		};
		AD6CCA7A28BF2C2A00C6C5A8 /* Release */ = {
			isa = XCBuildConfiguration;
			buildSettings = {
				ASSETCATALOG_COMPILER_APPICON_NAME = AppIcon;
				ASSETCATALOG_COMPILER_GLOBAL_ACCENT_COLOR_NAME = AccentColor;
				CODE_SIGN_STYLE = Automatic;
				CURRENT_PROJECT_VERSION = 1;
				DEVELOPMENT_TEAM = DLA597KS3F;
				GENERATE_INFOPLIST_FILE = YES;
				INFOPLIST_FILE = ProjectMemo/Info.plist;
				INFOPLIST_KEY_UIApplicationSupportsIndirectInputEvents = YES;
				INFOPLIST_KEY_UILaunchStoryboardName = LaunchScreen;
				INFOPLIST_KEY_UIMainStoryboardFile = Main;
				INFOPLIST_KEY_UISupportedInterfaceOrientations = UIInterfaceOrientationPortrait;
				INFOPLIST_KEY_UISupportedInterfaceOrientations_iPad = "UIInterfaceOrientationPortrait UIInterfaceOrientationPortraitUpsideDown UIInterfaceOrientationLandscapeLeft UIInterfaceOrientationLandscapeRight";
				INFOPLIST_KEY_UISupportedInterfaceOrientations_iPhone = UIInterfaceOrientationPortrait;
				IPHONEOS_DEPLOYMENT_TARGET = 13.0;
				LD_RUNPATH_SEARCH_PATHS = (
					"$(inherited)",
					"@executable_path/Frameworks",
				);
				MARKETING_VERSION = 1.0;
				PRODUCT_BUNDLE_IDENTIFIER = com.jhee.ProjectMemo;
				PRODUCT_NAME = "$(TARGET_NAME)";
				SWIFT_EMIT_LOC_STRINGS = YES;
				SWIFT_VERSION = 5.0;
				TARGETED_DEVICE_FAMILY = 1;
			};
			name = Release;
		};
/* End XCBuildConfiguration section */

/* Begin XCConfigurationList section */
		AD6CCA5F28BF2C2700C6C5A8 /* Build configuration list for PBXProject "ProjectMemo" */ = {
			isa = XCConfigurationList;
			buildConfigurations = (
				AD6CCA7628BF2C2A00C6C5A8 /* Debug */,
				AD6CCA7728BF2C2A00C6C5A8 /* Release */,
			);
			defaultConfigurationIsVisible = 0;
			defaultConfigurationName = Release;
		};
		AD6CCA7828BF2C2A00C6C5A8 /* Build configuration list for PBXNativeTarget "ProjectMemo" */ = {
			isa = XCConfigurationList;
			buildConfigurations = (
				AD6CCA7928BF2C2A00C6C5A8 /* Debug */,
				AD6CCA7A28BF2C2A00C6C5A8 /* Release */,
			);
			defaultConfigurationIsVisible = 0;
			defaultConfigurationName = Release;
		};
/* End XCConfigurationList section */

/* Begin XCRemoteSwiftPackageReference section */
		AD6CCA7B28BF2C8D00C6C5A8 /* XCRemoteSwiftPackageReference "Hero" */ = {
			isa = XCRemoteSwiftPackageReference;
			repositoryURL = "https://github.com/HeroTransitions/Hero.git";
			requirement = {
				kind = upToNextMajorVersion;
				minimumVersion = 1.0.0;
			};
		};
		ADF044D028BF5377006D69E8 /* XCRemoteSwiftPackageReference "SnapKit" */ = {
			isa = XCRemoteSwiftPackageReference;
			repositoryURL = "https://github.com/SnapKit/SnapKit.git";
			requirement = {
				kind = upToNextMajorVersion;
				minimumVersion = 5.0.0;
			};
		};
		ADF044D328BF53AB006D69E8 /* XCRemoteSwiftPackageReference "realm-swift" */ = {
			isa = XCRemoteSwiftPackageReference;
			repositoryURL = "https://github.com/realm/realm-swift.git";
			requirement = {
				kind = upToNextMajorVersion;
				minimumVersion = 10.0.0;
			};
		};
		ADF044D828BF53C0006D69E8 /* XCRemoteSwiftPackageReference "Zip" */ = {
			isa = XCRemoteSwiftPackageReference;
			repositoryURL = "https://github.com/marmelroy/Zip.git";
			requirement = {
				kind = upToNextMajorVersion;
				minimumVersion = 2.0.0;
			};
		};
		ADF044DB28BF53F4006D69E8 /* XCRemoteSwiftPackageReference "Toast-Swift" */ = {
			isa = XCRemoteSwiftPackageReference;
			repositoryURL = "https://github.com/scalessec/Toast-Swift.git";
			requirement = {
				kind = upToNextMajorVersion;
				minimumVersion = 5.0.0;
			};
		};
/* End XCRemoteSwiftPackageReference section */

/* Begin XCSwiftPackageProductDependency section */
		AD6CCA7C28BF2C8D00C6C5A8 /* Hero */ = {
			isa = XCSwiftPackageProductDependency;
			package = AD6CCA7B28BF2C8D00C6C5A8 /* XCRemoteSwiftPackageReference "Hero" */;
			productName = Hero;
		};
		ADF044D128BF5377006D69E8 /* SnapKit */ = {
			isa = XCSwiftPackageProductDependency;
			package = ADF044D028BF5377006D69E8 /* XCRemoteSwiftPackageReference "SnapKit" */;
			productName = SnapKit;
		};
		ADF044D428BF53AB006D69E8 /* Realm */ = {
			isa = XCSwiftPackageProductDependency;
			package = ADF044D328BF53AB006D69E8 /* XCRemoteSwiftPackageReference "realm-swift" */;
			productName = Realm;
		};
		ADF044D628BF53AB006D69E8 /* RealmSwift */ = {
			isa = XCSwiftPackageProductDependency;
			package = ADF044D328BF53AB006D69E8 /* XCRemoteSwiftPackageReference "realm-swift" */;
			productName = RealmSwift;
		};
		ADF044D928BF53C0006D69E8 /* Zip */ = {
			isa = XCSwiftPackageProductDependency;
			package = ADF044D828BF53C0006D69E8 /* XCRemoteSwiftPackageReference "Zip" */;
			productName = Zip;
		};
		ADF044DC28BF53F4006D69E8 /* Toast */ = {
			isa = XCSwiftPackageProductDependency;
			package = ADF044DB28BF53F4006D69E8 /* XCRemoteSwiftPackageReference "Toast-Swift" */;
			productName = Toast;
		};
/* End XCSwiftPackageProductDependency section */
	};
	rootObject = AD6CCA5C28BF2C2700C6C5A8 /* Project object */;
}
